schema: '2.0'
stages:
  data_ingestion:
    cmd: python data_ingestion.py
    deps:
    - path: data_ingestion.py
      hash: md5
      md5: 07f424c4d67e38685fcd44253197684f
      size: 1254
    params:
      params.yaml:
        data_ingestion.test_size: 0.3
    outs:
    - path: data/raw
      hash: md5
      md5: 03b3b604b1f92a17191a7fc947e576d6.dir
      size: 827973
      nfiles: 2
  data_preprocessing:
    cmd: python data_preprocessing.py
    deps:
    - path: data_preprocessing.py
      hash: md5
      md5: cc55787b7dd0e5fd508f497b8edd19e2
      size: 2548
    outs:
    - path: data/processed
      hash: md5
      md5: c038eb89caa1bd8add4568a8a2fb9a12.dir
      size: 622285
      nfiles: 2
  feature_engineering:
    cmd: python feature_engineering.py
    deps:
    - path: feature_engineering.py
      hash: md5
      md5: 3daa0c5a04b5f8bf05df989303b2dc01
      size: 1341
    params:
      params.yaml:
        feature_engineering.max_features: 50
    outs:
    - path: data/features
      hash: md5
      md5: 3c3e10ec778b89b254e22a0cfc8fb378.dir
      size: 1118468
      nfiles: 2
  model_building:
    cmd: python model_building.py
    deps:
    - path: model_building.py
      hash: md5
      md5: 4407bcc315c3be543b33493c48569b8f
      size: 707
    params:
      params.yaml:
        model_building.learning_rate: 0.1
        model_building.n_estimators: 50
    outs:
    - path: model.pkl
      hash: md5
      md5: 7003a9fd05b507561d5b8c5cbba60a0a
      size: 72473
  model_evaluation:
    cmd: python model_evaluation.py
    deps:
    - path: model_evaluation.py
      hash: md5
      md5: 08b695ef34369042ef7b9deb2182713d
      size: 855
    outs:
    - path: metrics.json
      hash: md5
      md5: 2ef5e974e271346c80ed5387820a9286
      size: 146
